
Microsoft Visual Studio Solution File, Format Version 12.00
# Visual Studio Version 17
VisualStudioVersion = 17.3.32819.101
MinimumVisualStudioVersion = 10.0.40219.1
Project("{FAE04EC0-301F-11D3-BF4B-00C04F79EFBC}") = "final_work_01", "final_work_01.csproj", "{BFFED23B-4B74-487B-858D-2693BD5F8ABB}"
EndProject
Global
	GlobalSection(SolutionConfigurationPlatforms) = preSolution
		Debug|Any CPU = Debug|Any CPU
		Release|Any CPU = Release|Any CPU
	EndGlobalSection
	GlobalSection(ProjectConfigurationPlatforms) = postSolution
		{BFFED23B-4B74-487B-858D-2693BD5F8ABB}.Debug|Any CPU.ActiveCfg = Debug|Any CPU
		{BFFED23B-4B74-487B-858D-2693BD5F8ABB}.Debug|Any CPU.Build.0 = Debug|Any CPU
		{BFFED23B-4B74-487B-858D-2693BD5F8ABB}.Release|Any CPU.ActiveCfg = Release|Any CPU
		{BFFED23B-4B74-487B-858D-2693BD5F8ABB}.Release|Any CPU.Build.0 = Release|Any CPU
	EndGlobalSection
	GlobalSection(SolutionProperties) = preSolution
		HideSolutionNode = FALSE
	EndGlobalSection
	GlobalSection(ExtensibilityGlobals) = postSolution
		SolutionGuid = {740FE10F-7E26-4961-B919-9F04C477F88E}
	EndGlobalSection
EndGlobal
